
Microsoft Visual Studio Solution File, Format Version 12.00
# Visual Studio 15
VisualStudioVersion = 15.0.27428.2037
MinimumVisualStudioVersion = 10.0.40219.1
Project("{FAE04EC0-301F-11D3-BF4B-00C04F79EFBC}") = "Vidly", "Vidly\Vidly.csproj", "{F5A96383-926B-4977-85C0-B9365F6E76DF}"
EndProject
Global
	GlobalSection(SolutionConfigurationPlatforms) = preSolution
		Debug|Any CPU = Debug|Any CPU
		Release|Any CPU = Release|Any CPU
	EndGlobalSection
	GlobalSection(ProjectConfigurationPlatforms) = postSolution
		{F5A96383-926B-4977-85C0-B9365F6E76DF}.Debug|Any CPU.ActiveCfg = Debug|Any CPU
		{F5A96383-926B-4977-85C0-B9365F6E76DF}.Debug|Any CPU.Build.0 = Debug|Any CPU
		{F5A96383-926B-4977-85C0-B9365F6E76DF}.Release|Any CPU.ActiveCfg = Release|Any CPU
		{F5A96383-926B-4977-85C0-B9365F6E76DF}.Release|Any CPU.Build.0 = Release|Any CPU
	EndGlobalSection
	GlobalSection(SolutionProperties) = preSolution
		HideSolutionNode = FALSE
	EndGlobalSection
	GlobalSection(ExtensibilityGlobals) = postSolution
		SolutionGuid = {123FD731-E570-4489-A31A-69500569C805}
	EndGlobalSection
EndGlobal
